// !$*UTF8*$!
{
	archiveVersion = 1;
	classes = {
	};
	objectVersion = 50;
	objects = {

/* Begin PBXBuildFile section */
		170CB40D2568EE4400092C50 /* AppDelegate.swift in Sources */ = {isa = PBXBuildFile; fileRef = 170CB40C2568EE4400092C50 /* AppDelegate.swift */; };
		170CB40F2568EE4500092C50 /* SceneDelegate.swift in Sources */ = {isa = PBXBuildFile; fileRef = 170CB40E2568EE4400092C50 /* SceneDelegate.swift */; };
		170CB4112568EE4500092C50 /* PhotosViewController.swift in Sources */ = {isa = PBXBuildFile; fileRef = 170CB4102568EE4500092C50 /* PhotosViewController.swift */; };
		170CB4142568EE4500092C50 /* Main.storyboard in Resources */ = {isa = PBXBuildFile; fileRef = 170CB4122568EE4500092C50 /* Main.storyboard */; };
		170CB4172568EE4500092C50 /* typicode.xcdatamodeld in Sources */ = {isa = PBXBuildFile; fileRef = 170CB4152568EE4500092C50 /* typicode.xcdatamodeld */; };
		170CB4192568EE4700092C50 /* Assets.xcassets in Resources */ = {isa = PBXBuildFile; fileRef = 170CB4182568EE4700092C50 /* Assets.xcassets */; };
		170CB41C2568EE4700092C50 /* LaunchScreen.storyboard in Resources */ = {isa = PBXBuildFile; fileRef = 170CB41A2568EE4700092C50 /* LaunchScreen.storyboard */; };
		170CB4272568F13800092C50 /* NetworkService.swift in Sources */ = {isa = PBXBuildFile; fileRef = 170CB4262568F13800092C50 /* NetworkService.swift */; };
		170CB42B2568F16600092C50 /* NetworkTaskManager.swift in Sources */ = {isa = PBXBuildFile; fileRef = 170CB42A2568F16600092C50 /* NetworkTaskManager.swift */; };
		170CB42E2568F19D00092C50 /* Endpoint.swift in Sources */ = {isa = PBXBuildFile; fileRef = 170CB42D2568F19D00092C50 /* Endpoint.swift */; };
		170CB4312568F1F900092C50 /* Result.swift in Sources */ = {isa = PBXBuildFile; fileRef = 170CB4302568F1F900092C50 /* Result.swift */; };
		170CB4352568F36700092C50 /* PhotosEndpoint.swift in Sources */ = {isa = PBXBuildFile; fileRef = 170CB4342568F36700092C50 /* PhotosEndpoint.swift */; };
		170CB4642569060300092C50 /* CoreDataStorage.swift in Sources */ = {isa = PBXBuildFile; fileRef = 170CB4632569060300092C50 /* CoreDataStorage.swift */; };
		170CB4682569074200092C50 /* Photo.swift in Sources */ = {isa = PBXBuildFile; fileRef = 170CB4672569074100092C50 /* Photo.swift */; };
		170CB46C256907E700092C50 /* CodingUserInfoKey+Extension.swift in Sources */ = {isa = PBXBuildFile; fileRef = 170CB46B256907E700092C50 /* CodingUserInfoKey+Extension.swift */; };
		170CB47625691C0600092C50 /* PhotoTableViewCell.swift in Sources */ = {isa = PBXBuildFile; fileRef = 170CB47525691C0600092C50 /* PhotoTableViewCell.swift */; };
		170CB47A2569230000092C50 /* PhotoViewModel.swift in Sources */ = {isa = PBXBuildFile; fileRef = 170CB4792569230000092C50 /* PhotoViewModel.swift */; };
		170CB47E2569237800092C50 /* ViewModelType.swift in Sources */ = {isa = PBXBuildFile; fileRef = 170CB47D2569237800092C50 /* ViewModelType.swift */; };
		170CB4812569255300092C50 /* PhotoListViewModel.swift in Sources */ = {isa = PBXBuildFile; fileRef = 170CB4802569255300092C50 /* PhotoListViewModel.swift */; };
		170CB4852569346400092C50 /* PhotoTableViewDataSource.swift in Sources */ = {isa = PBXBuildFile; fileRef = 170CB4842569346400092C50 /* PhotoTableViewDataSource.swift */; };
		170CB488256936D900092C50 /* UIViewController+Extension.swift in Sources */ = {isa = PBXBuildFile; fileRef = 170CB487256936D900092C50 /* UIViewController+Extension.swift */; };
		170CB48B256937BF00092C50 /* ImageLoader.swift in Sources */ = {isa = PBXBuildFile; fileRef = 170CB48A256937BF00092C50 /* ImageLoader.swift */; };
		170CB48F2569382800092C50 /* ImageLoaderCache.swift in Sources */ = {isa = PBXBuildFile; fileRef = 170CB48E2569382800092C50 /* ImageLoaderCache.swift */; };
		170CB4932569385300092C50 /* ImageLoaderTaskManager.swift in Sources */ = {isa = PBXBuildFile; fileRef = 170CB4922569385300092C50 /* ImageLoaderTaskManager.swift */; };
		170CB496256938BE00092C50 /* UIImageView+Extension.swift in Sources */ = {isa = PBXBuildFile; fileRef = 170CB495256938BE00092C50 /* UIImageView+Extension.swift */; };
/* End PBXBuildFile section */

/* Begin PBXFileReference section */
		170CB4092568EE4400092C50 /* typicode.app */ = {isa = PBXFileReference; explicitFileType = wrapper.application; includeInIndex = 0; path = typicode.app; sourceTree = BUILT_PRODUCTS_DIR; };
		170CB40C2568EE4400092C50 /* AppDelegate.swift */ = {isa = PBXFileReference; lastKnownFileType = sourcecode.swift; path = AppDelegate.swift; sourceTree = "<group>"; };
		170CB40E2568EE4400092C50 /* SceneDelegate.swift */ = {isa = PBXFileReference; lastKnownFileType = sourcecode.swift; path = SceneDelegate.swift; sourceTree = "<group>"; };
		170CB4102568EE4500092C50 /* PhotosViewController.swift */ = {isa = PBXFileReference; lastKnownFileType = sourcecode.swift; path = PhotosViewController.swift; sourceTree = "<group>"; };
		170CB4132568EE4500092C50 /* Base */ = {isa = PBXFileReference; lastKnownFileType = file.storyboard; name = Base; path = Base.lproj/Main.storyboard; sourceTree = "<group>"; };
		170CB4162568EE4500092C50 /* typicode.xcdatamodel */ = {isa = PBXFileReference; lastKnownFileType = wrapper.xcdatamodel; path = typicode.xcdatamodel; sourceTree = "<group>"; };
		170CB4182568EE4700092C50 /* Assets.xcassets */ = {isa = PBXFileReference; lastKnownFileType = folder.assetcatalog; path = Assets.xcassets; sourceTree = "<group>"; };
		170CB41B2568EE4700092C50 /* Base */ = {isa = PBXFileReference; lastKnownFileType = file.storyboard; name = Base; path = Base.lproj/LaunchScreen.storyboard; sourceTree = "<group>"; };
		170CB41D2568EE4700092C50 /* Info.plist */ = {isa = PBXFileReference; lastKnownFileType = text.plist.xml; path = Info.plist; sourceTree = "<group>"; };
		170CB4262568F13800092C50 /* NetworkService.swift */ = {isa = PBXFileReference; lastKnownFileType = sourcecode.swift; path = NetworkService.swift; sourceTree = "<group>"; };
		170CB42A2568F16600092C50 /* NetworkTaskManager.swift */ = {isa = PBXFileReference; lastKnownFileType = sourcecode.swift; path = NetworkTaskManager.swift; sourceTree = "<group>"; };
		170CB42D2568F19D00092C50 /* Endpoint.swift */ = {isa = PBXFileReference; lastKnownFileType = sourcecode.swift; path = Endpoint.swift; sourceTree = "<group>"; };
		170CB4302568F1F900092C50 /* Result.swift */ = {isa = PBXFileReference; lastKnownFileType = sourcecode.swift; path = Result.swift; sourceTree = "<group>"; };
		170CB4342568F36700092C50 /* PhotosEndpoint.swift */ = {isa = PBXFileReference; lastKnownFileType = sourcecode.swift; path = PhotosEndpoint.swift; sourceTree = "<group>"; };
		170CB4632569060300092C50 /* CoreDataStorage.swift */ = {isa = PBXFileReference; lastKnownFileType = sourcecode.swift; path = CoreDataStorage.swift; sourceTree = "<group>"; };
		170CB4672569074100092C50 /* Photo.swift */ = {isa = PBXFileReference; lastKnownFileType = sourcecode.swift; path = Photo.swift; sourceTree = "<group>"; };
		170CB46B256907E700092C50 /* CodingUserInfoKey+Extension.swift */ = {isa = PBXFileReference; lastKnownFileType = sourcecode.swift; path = "CodingUserInfoKey+Extension.swift"; sourceTree = "<group>"; };
		170CB47525691C0600092C50 /* PhotoTableViewCell.swift */ = {isa = PBXFileReference; lastKnownFileType = sourcecode.swift; path = PhotoTableViewCell.swift; sourceTree = "<group>"; };
		170CB4792569230000092C50 /* PhotoViewModel.swift */ = {isa = PBXFileReference; lastKnownFileType = sourcecode.swift; path = PhotoViewModel.swift; sourceTree = "<group>"; };
		170CB47D2569237800092C50 /* ViewModelType.swift */ = {isa = PBXFileReference; lastKnownFileType = sourcecode.swift; path = ViewModelType.swift; sourceTree = "<group>"; };
		170CB4802569255300092C50 /* PhotoListViewModel.swift */ = {isa = PBXFileReference; lastKnownFileType = sourcecode.swift; path = PhotoListViewModel.swift; sourceTree = "<group>"; };
		170CB4842569346400092C50 /* PhotoTableViewDataSource.swift */ = {isa = PBXFileReference; lastKnownFileType = sourcecode.swift; path = PhotoTableViewDataSource.swift; sourceTree = "<group>"; };
		170CB487256936D900092C50 /* UIViewController+Extension.swift */ = {isa = PBXFileReference; lastKnownFileType = sourcecode.swift; path = "UIViewController+Extension.swift"; sourceTree = "<group>"; };
		170CB48A256937BF00092C50 /* ImageLoader.swift */ = {isa = PBXFileReference; lastKnownFileType = sourcecode.swift; path = ImageLoader.swift; sourceTree = "<group>"; };
		170CB48E2569382800092C50 /* ImageLoaderCache.swift */ = {isa = PBXFileReference; lastKnownFileType = sourcecode.swift; path = ImageLoaderCache.swift; sourceTree = "<group>"; };
		170CB4922569385300092C50 /* ImageLoaderTaskManager.swift */ = {isa = PBXFileReference; lastKnownFileType = sourcecode.swift; path = ImageLoaderTaskManager.swift; sourceTree = "<group>"; };
		170CB495256938BE00092C50 /* UIImageView+Extension.swift */ = {isa = PBXFileReference; lastKnownFileType = sourcecode.swift; path = "UIImageView+Extension.swift"; sourceTree = "<group>"; };
/* End PBXFileReference section */

/* Begin PBXFrameworksBuildPhase section */
		170CB4062568EE4400092C50 /* Frameworks */ = {
			isa = PBXFrameworksBuildPhase;
			buildActionMask = 2147483647;
			files = (
			);
			runOnlyForDeploymentPostprocessing = 0;
		};
/* End PBXFrameworksBuildPhase section */

/* Begin PBXGroup section */
		170CB4002568EE4400092C50 = {
			isa = PBXGroup;
			children = (
				170CB40B2568EE4400092C50 /* typicode */,
				170CB40A2568EE4400092C50 /* Products */,
			);
			sourceTree = "<group>";
		};
		170CB40A2568EE4400092C50 /* Products */ = {
			isa = PBXGroup;
			children = (
				170CB4092568EE4400092C50 /* typicode.app */,
			);
			name = Products;
			sourceTree = "<group>";
		};
		170CB40B2568EE4400092C50 /* typicode */ = {
			isa = PBXGroup;
			children = (
				170CB40C2568EE4400092C50 /* AppDelegate.swift */,
				170CB40E2568EE4400092C50 /* SceneDelegate.swift */,
				170CB47C2569234500092C50 /* GlobalProtocols */,
				170CB46A256907C300092C50 /* Extensions */,
				170CB4622569053A00092C50 /* Persistence */,
				170CB4252568F11000092C50 /* NetworkService */,
				170CB4332568F34200092C50 /* Endpoints */,
				170CB4372568F5D200092C50 /* Models */,
				170CB47825691F9D00092C50 /* ViewModels */,
				170CB4832569343100092C50 /* DataSources */,
				170CB46F25691A0800092C50 /* UI */,
				170CB4122568EE4500092C50 /* Main.storyboard */,
				170CB4182568EE4700092C50 /* Assets.xcassets */,
				170CB41A2568EE4700092C50 /* LaunchScreen.storyboard */,
				170CB41D2568EE4700092C50 /* Info.plist */,
				170CB4152568EE4500092C50 /* typicode.xcdatamodeld */,
			);
			path = typicode;
			sourceTree = "<group>";
		};
		170CB4252568F11000092C50 /* NetworkService */ = {
			isa = PBXGroup;
			children = (
				170CB4262568F13800092C50 /* NetworkService.swift */,
				170CB42A2568F16600092C50 /* NetworkTaskManager.swift */,
				170CB42D2568F19D00092C50 /* Endpoint.swift */,
				170CB4302568F1F900092C50 /* Result.swift */,
				170CB48D2569380A00092C50 /* ImageLoader */,
			);
			path = NetworkService;
			sourceTree = "<group>";
		};
		170CB4332568F34200092C50 /* Endpoints */ = {
			isa = PBXGroup;
			children = (
				170CB4342568F36700092C50 /* PhotosEndpoint.swift */,
			);
			path = Endpoints;
			sourceTree = "<group>";
		};
		170CB4372568F5D200092C50 /* Models */ = {
			isa = PBXGroup;
			children = (
				170CB4672569074100092C50 /* Photo.swift */,
			);
			path = Models;
			sourceTree = "<group>";
		};
		170CB4622569053A00092C50 /* Persistence */ = {
			isa = PBXGroup;
			children = (
				170CB4632569060300092C50 /* CoreDataStorage.swift */,
			);
			path = Persistence;
			sourceTree = "<group>";
		};
		170CB46A256907C300092C50 /* Extensions */ = {
			isa = PBXGroup;
			children = (
				170CB46B256907E700092C50 /* CodingUserInfoKey+Extension.swift */,
				170CB487256936D900092C50 /* UIViewController+Extension.swift */,
				170CB495256938BE00092C50 /* UIImageView+Extension.swift */,
			);
			path = Extensions;
			sourceTree = "<group>";
		};
		170CB46F25691A0800092C50 /* UI */ = {
			isa = PBXGroup;
			children = (
				170CB4102568EE4500092C50 /* PhotosViewController.swift */,
				170CB47525691C0600092C50 /* PhotoTableViewCell.swift */,
			);
			path = UI;
			sourceTree = "<group>";
		};
		170CB47825691F9D00092C50 /* ViewModels */ = {
			isa = PBXGroup;
			children = (
				170CB4792569230000092C50 /* PhotoViewModel.swift */,
				170CB4802569255300092C50 /* PhotoListViewModel.swift */,
			);
			path = ViewModels;
			sourceTree = "<group>";
		};
		170CB47C2569234500092C50 /* GlobalProtocols */ = {
			isa = PBXGroup;
			children = (
				170CB47D2569237800092C50 /* ViewModelType.swift */,
			);
			path = GlobalProtocols;
			sourceTree = "<group>";
		};
		170CB4832569343100092C50 /* DataSources */ = {
			isa = PBXGroup;
			children = (
				170CB4842569346400092C50 /* PhotoTableViewDataSource.swift */,
			);
			path = DataSources;
			sourceTree = "<group>";
		};
		170CB48D2569380A00092C50 /* ImageLoader */ = {
			isa = PBXGroup;
			children = (
				170CB48A256937BF00092C50 /* ImageLoader.swift */,
				170CB48E2569382800092C50 /* ImageLoaderCache.swift */,
				170CB4922569385300092C50 /* ImageLoaderTaskManager.swift */,
			);
			path = ImageLoader;
			sourceTree = "<group>";
		};
/* End PBXGroup section */

/* Begin PBXNativeTarget section */
		170CB4082568EE4400092C50 /* typicode */ = {
			isa = PBXNativeTarget;
			buildConfigurationList = 170CB4202568EE4700092C50 /* Build configuration list for PBXNativeTarget "typicode" */;
			buildPhases = (
				170CB4052568EE4400092C50 /* Sources */,
				170CB4062568EE4400092C50 /* Frameworks */,
				170CB4072568EE4400092C50 /* Resources */,
			);
			buildRules = (
			);
			dependencies = (
			);
			name = typicode;
			productName = typicode;
			productReference = 170CB4092568EE4400092C50 /* typicode.app */;
			productType = "com.apple.product-type.application";
		};
/* End PBXNativeTarget section */

/* Begin PBXProject section */
		170CB4012568EE4400092C50 /* Project object */ = {
			isa = PBXProject;
			attributes = {
				LastSwiftUpdateCheck = 1220;
				LastUpgradeCheck = 1220;
				TargetAttributes = {
					170CB4082568EE4400092C50 = {
						CreatedOnToolsVersion = 12.2;
					};
				};
			};
			buildConfigurationList = 170CB4042568EE4400092C50 /* Build configuration list for PBXProject "typicode" */;
			compatibilityVersion = "Xcode 9.3";
			developmentRegion = en;
			hasScannedForEncodings = 0;
			knownRegions = (
				en,
				Base,
			);
			mainGroup = 170CB4002568EE4400092C50;
			productRefGroup = 170CB40A2568EE4400092C50 /* Products */;
			projectDirPath = "";
			projectRoot = "";
			targets = (
				170CB4082568EE4400092C50 /* typicode */,
			);
		};
/* End PBXProject section */

/* Begin PBXResourcesBuildPhase section */
		170CB4072568EE4400092C50 /* Resources */ = {
			isa = PBXResourcesBuildPhase;
			buildActionMask = 2147483647;
			files = (
				170CB41C2568EE4700092C50 /* LaunchScreen.storyboard in Resources */,
				170CB4192568EE4700092C50 /* Assets.xcassets in Resources */,
				170CB4142568EE4500092C50 /* Main.storyboard in Resources */,
			);
			runOnlyForDeploymentPostprocessing = 0;
		};
/* End PBXResourcesBuildPhase section */

/* Begin PBXSourcesBuildPhase section */
		170CB4052568EE4400092C50 /* Sources */ = {
			isa = PBXSourcesBuildPhase;
			buildActionMask = 2147483647;
			files = (
				170CB47625691C0600092C50 /* PhotoTableViewCell.swift in Sources */,
				170CB4682569074200092C50 /* Photo.swift in Sources */,
				170CB48B256937BF00092C50 /* ImageLoader.swift in Sources */,
				170CB48F2569382800092C50 /* ImageLoaderCache.swift in Sources */,
				170CB496256938BE00092C50 /* UIImageView+Extension.swift in Sources */,
				170CB42E2568F19D00092C50 /* Endpoint.swift in Sources */,
				170CB4272568F13800092C50 /* NetworkService.swift in Sources */,
				170CB47A2569230000092C50 /* PhotoViewModel.swift in Sources */,
				170CB42B2568F16600092C50 /* NetworkTaskManager.swift in Sources */,
				170CB4352568F36700092C50 /* PhotosEndpoint.swift in Sources */,
				170CB4932569385300092C50 /* ImageLoaderTaskManager.swift in Sources */,
				170CB488256936D900092C50 /* UIViewController+Extension.swift in Sources */,
				170CB46C256907E700092C50 /* CodingUserInfoKey+Extension.swift in Sources */,
				170CB4112568EE4500092C50 /* PhotosViewController.swift in Sources */,
				170CB4812569255300092C50 /* PhotoListViewModel.swift in Sources */,
				170CB4852569346400092C50 /* PhotoTableViewDataSource.swift in Sources */,
				170CB40D2568EE4400092C50 /* AppDelegate.swift in Sources */,
				170CB4642569060300092C50 /* CoreDataStorage.swift in Sources */,
				170CB47E2569237800092C50 /* ViewModelType.swift in Sources */,
				170CB4172568EE4500092C50 /* typicode.xcdatamodeld in Sources */,
				170CB4312568F1F900092C50 /* Result.swift in Sources */,
				170CB40F2568EE4500092C50 /* SceneDelegate.swift in Sources */,
			);
			runOnlyForDeploymentPostprocessing = 0;
		};
/* End PBXSourcesBuildPhase section */

/* Begin PBXVariantGroup section */
		170CB4122568EE4500092C50 /* Main.storyboard */ = {
			isa = PBXVariantGroup;
			children = (
				170CB4132568EE4500092C50 /* Base */,
			);
			name = Main.storyboard;
			sourceTree = "<group>";
		};
		170CB41A2568EE4700092C50 /* LaunchScreen.storyboard */ = {
			isa = PBXVariantGroup;
			children = (
				170CB41B2568EE4700092C50 /* Base */,
			);
			name = LaunchScreen.storyboard;
			sourceTree = "<group>";
		};
/* End PBXVariantGroup section */

/* Begin XCBuildConfiguration section */
		170CB41E2568EE4700092C50 /* Debug */ = {
			isa = XCBuildConfiguration;
			buildSettings = {
				ALWAYS_SEARCH_USER_PATHS = NO;
				CLANG_ANALYZER_NONNULL = YES;
				CLANG_ANALYZER_NUMBER_OBJECT_CONVERSION = YES_AGGRESSIVE;
				CLANG_CXX_LANGUAGE_STANDARD = "gnu++14";
				CLANG_CXX_LIBRARY = "libc++";
				CLANG_ENABLE_MODULES = YES;
				CLANG_ENABLE_OBJC_ARC = YES;
				CLANG_ENABLE_OBJC_WEAK = YES;
				CLANG_WARN_BLOCK_CAPTURE_AUTORELEASING = YES;
				CLANG_WARN_BOOL_CONVERSION = YES;
				CLANG_WARN_COMMA = YES;
				CLANG_WARN_CONSTANT_CONVERSION = YES;
				CLANG_WARN_DEPRECATED_OBJC_IMPLEMENTATIONS = YES;
				CLANG_WARN_DIRECT_OBJC_ISA_USAGE = YES_ERROR;
				CLANG_WARN_DOCUMENTATION_COMMENTS = YES;
				CLANG_WARN_EMPTY_BODY = YES;
				CLANG_WARN_ENUM_CONVERSION = YES;
				CLANG_WARN_INFINITE_RECURSION = YES;
				CLANG_WARN_INT_CONVERSION = YES;
				CLANG_WARN_NON_LITERAL_NULL_CONVERSION = YES;
				CLANG_WARN_OBJC_IMPLICIT_RETAIN_SELF = YES;
				CLANG_WARN_OBJC_LITERAL_CONVERSION = YES;
				CLANG_WARN_OBJC_ROOT_CLASS = YES_ERROR;
				CLANG_WARN_QUOTED_INCLUDE_IN_FRAMEWORK_HEADER = YES;
				CLANG_WARN_RANGE_LOOP_ANALYSIS = YES;
				CLANG_WARN_STRICT_PROTOTYPES = YES;
				CLANG_WARN_SUSPICIOUS_MOVE = YES;
				CLANG_WARN_UNGUARDED_AVAILABILITY = YES_AGGRESSIVE;
				CLANG_WARN_UNREACHABLE_CODE = YES;
				CLANG_WARN__DUPLICATE_METHOD_MATCH = YES;
				COPY_PHASE_STRIP = NO;
				DEBUG_INFORMATION_FORMAT = dwarf;
				ENABLE_STRICT_OBJC_MSGSEND = YES;
				ENABLE_TESTABILITY = YES;
				GCC_C_LANGUAGE_STANDARD = gnu11;
				GCC_DYNAMIC_NO_PIC = NO;
				GCC_NO_COMMON_BLOCKS = YES;
				GCC_OPTIMIZATION_LEVEL = 0;
				GCC_PREPROCESSOR_DEFINITIONS = (
					"DEBUG=1",
					"$(inherited)",
				);
				GCC_WARN_64_TO_32_BIT_CONVERSION = YES;
				GCC_WARN_ABOUT_RETURN_TYPE = YES_ERROR;
				GCC_WARN_UNDECLARED_SELECTOR = YES;
				GCC_WARN_UNINITIALIZED_AUTOS = YES_AGGRESSIVE;
				GCC_WARN_UNUSED_FUNCTION = YES;
				GCC_WARN_UNUSED_VARIABLE = YES;
				IPHONEOS_DEPLOYMENT_TARGET = 14.2;
				MTL_ENABLE_DEBUG_INFO = INCLUDE_SOURCE;
				MTL_FAST_MATH = YES;
				ONLY_ACTIVE_ARCH = YES;
				SDKROOT = iphoneos;
				SWIFT_ACTIVE_COMPILATION_CONDITIONS = DEBUG;
				SWIFT_OPTIMIZATION_LEVEL = "-Onone";
			};
			name = Debug;
		};
		170CB41F2568EE4700092C50 /* Release */ = {
			isa = XCBuildConfiguration;
			buildSettings = {
				ALWAYS_SEARCH_USER_PATHS = NO;
				CLANG_ANALYZER_NONNULL = YES;
				CLANG_ANALYZER_NUMBER_OBJECT_CONVERSION = YES_AGGRESSIVE;
				CLANG_CXX_LANGUAGE_STANDARD = "gnu++14";
				CLANG_CXX_LIBRARY = "libc++";
				CLANG_ENABLE_MODULES = YES;
				CLANG_ENABLE_OBJC_ARC = YES;
				CLANG_ENABLE_OBJC_WEAK = YES;
				CLANG_WARN_BLOCK_CAPTURE_AUTORELEASING = YES;
				CLANG_WARN_BOOL_CONVERSION = YES;
				CLANG_WARN_COMMA = YES;
				CLANG_WARN_CONSTANT_CONVERSION = YES;
				CLANG_WARN_DEPRECATED_OBJC_IMPLEMENTATIONS = YES;
				CLANG_WARN_DIRECT_OBJC_ISA_USAGE = YES_ERROR;
				CLANG_WARN_DOCUMENTATION_COMMENTS = YES;
				CLANG_WARN_EMPTY_BODY = YES;
				CLANG_WARN_ENUM_CONVERSION = YES;
				CLANG_WARN_INFINITE_RECURSION = YES;
				CLANG_WARN_INT_CONVERSION = YES;
				CLANG_WARN_NON_LITERAL_NULL_CONVERSION = YES;
				CLANG_WARN_OBJC_IMPLICIT_RETAIN_SELF = YES;
				CLANG_WARN_OBJC_LITERAL_CONVERSION = YES;
				CLANG_WARN_OBJC_ROOT_CLASS = YES_ERROR;
				CLANG_WARN_QUOTED_INCLUDE_IN_FRAMEWORK_HEADER = YES;
				CLANG_WARN_RANGE_LOOP_ANALYSIS = YES;
				CLANG_WARN_STRICT_PROTOTYPES = YES;
				CLANG_WARN_SUSPICIOUS_MOVE = YES;
				CLANG_WARN_UNGUARDED_AVAILABILITY = YES_AGGRESSIVE;
				CLANG_WARN_UNREACHABLE_CODE = YES;
				CLANG_WARN__DUPLICATE_METHOD_MATCH = YES;
				COPY_PHASE_STRIP = NO;
				DEBUG_INFORMATION_FORMAT = "dwarf-with-dsym";
				ENABLE_NS_ASSERTIONS = NO;
				ENABLE_STRICT_OBJC_MSGSEND = YES;
				GCC_C_LANGUAGE_STANDARD = gnu11;
				GCC_NO_COMMON_BLOCKS = YES;
				GCC_WARN_64_TO_32_BIT_CONVERSION = YES;
				GCC_WARN_ABOUT_RETURN_TYPE = YES_ERROR;
				GCC_WARN_UNDECLARED_SELECTOR = YES;
				GCC_WARN_UNINITIALIZED_AUTOS = YES_AGGRESSIVE;
				GCC_WARN_UNUSED_FUNCTION = YES;
				GCC_WARN_UNUSED_VARIABLE = YES;
				IPHONEOS_DEPLOYMENT_TARGET = 14.2;
				MTL_ENABLE_DEBUG_INFO = NO;
				MTL_FAST_MATH = YES;
				SDKROOT = iphoneos;
				SWIFT_COMPILATION_MODE = wholemodule;
				SWIFT_OPTIMIZATION_LEVEL = "-O";
				VALIDATE_PRODUCT = YES;
			};
			name = Release;
		};
		170CB4212568EE4700092C50 /* Debug */ = {
			isa = XCBuildConfiguration;
			buildSettings = {
				ASSETCATALOG_COMPILER_APPICON_NAME = AppIcon;
				ASSETCATALOG_COMPILER_GLOBAL_ACCENT_COLOR_NAME = AccentColor;
				CODE_SIGN_STYLE = Automatic;
				DEVELOPMENT_TEAM = "";
				INFOPLIST_FILE = typicode/Info.plist;
				LD_RUNPATH_SEARCH_PATHS = (
					"$(inherited)",
					"@executable_path/Frameworks",
				);
				PRODUCT_BUNDLE_IDENTIFIER = com.smbat.typicode;
				PRODUCT_NAME = "$(TARGET_NAME)";
				SWIFT_VERSION = 5.0;
				TARGETED_DEVICE_FAMILY = "1,2";
			};
			name = Debug;
		};
		170CB4222568EE4700092C50 /* Release */ = {
			isa = XCBuildConfiguration;
			buildSettings = {
				ASSETCATALOG_COMPILER_APPICON_NAME = AppIcon;
				ASSETCATALOG_COMPILER_GLOBAL_ACCENT_COLOR_NAME = AccentColor;
				CODE_SIGN_STYLE = Automatic;
				DEVELOPMENT_TEAM = "";
				INFOPLIST_FILE = typicode/Info.plist;
				LD_RUNPATH_SEARCH_PATHS = (
					"$(inherited)",
					"@executable_path/Frameworks",
				);
				PRODUCT_BUNDLE_IDENTIFIER = com.smbat.typicode;
				PRODUCT_NAME = "$(TARGET_NAME)";
				SWIFT_VERSION = 5.0;
				TARGETED_DEVICE_FAMILY = "1,2";
			};
			name = Release;
		};
/* End XCBuildConfiguration section */

/* Begin XCConfigurationList section */
		170CB4042568EE4400092C50 /* Build configuration list for PBXProject "typicode" */ = {
			isa = XCConfigurationList;
			buildConfigurations = (
				170CB41E2568EE4700092C50 /* Debug */,
				170CB41F2568EE4700092C50 /* Release */,
			);
			defaultConfigurationIsVisible = 0;
			defaultConfigurationName = Release;
		};
		170CB4202568EE4700092C50 /* Build configuration list for PBXNativeTarget "typicode" */ = {
			isa = XCConfigurationList;
			buildConfigurations = (
				170CB4212568EE4700092C50 /* Debug */,
				170CB4222568EE4700092C50 /* Release */,
			);
			defaultConfigurationIsVisible = 0;
			defaultConfigurationName = Release;
		};
/* End XCConfigurationList section */

/* Begin XCVersionGroup section */
		170CB4152568EE4500092C50 /* typicode.xcdatamodeld */ = {
			isa = XCVersionGroup;
			children = (
				170CB4162568EE4500092C50 /* typicode.xcdatamodel */,
			);
			currentVersion = 170CB4162568EE4500092C50 /* typicode.xcdatamodel */;
			path = typicode.xcdatamodeld;
			sourceTree = "<group>";
			versionGroupType = wrapper.xcdatamodel;
		};
/* End XCVersionGroup section */
	};
	rootObject = 170CB4012568EE4400092C50 /* Project object */;
}
